
Microsoft Visual Studio Solution File, Format Version 12.00
# Visual Studio 15
VisualStudioVersion = 15.0.28307.1705
MinimumVisualStudioVersion = 10.0.40219.1
Project("{FAE04EC0-301F-11D3-BF4B-00C04F79EFBC}") = "Bipartite_Graph", "Equivalence_Graph\Bipartite_Graph.csproj", "{F4F05F7E-E389-4178-9E81-716683ABFF47}"
EndProject
Project("{FAE04EC0-301F-11D3-BF4B-00C04F79EFBC}") = "Bipartite_GraphTests", "Equivalence_Graph_meTests\Bipartite_GraphTests.csproj", "{EBB682E2-A5AE-4C92-A828-C307CDB70E6F}"
EndProject
Global
	GlobalSection(SolutionConfigurationPlatforms) = preSolution
		Debug|Any CPU = Debug|Any CPU
		Release|Any CPU = Release|Any CPU
	EndGlobalSection
	GlobalSection(ProjectConfigurationPlatforms) = postSolution
		{F4F05F7E-E389-4178-9E81-716683ABFF47}.Debug|Any CPU.ActiveCfg = Debug|Any CPU
		{F4F05F7E-E389-4178-9E81-716683ABFF47}.Debug|Any CPU.Build.0 = Debug|Any CPU
		{F4F05F7E-E389-4178-9E81-716683ABFF47}.Release|Any CPU.ActiveCfg = Release|Any CPU
		{F4F05F7E-E389-4178-9E81-716683ABFF47}.Release|Any CPU.Build.0 = Release|Any CPU
		{EBB682E2-A5AE-4C92-A828-C307CDB70E6F}.Debug|Any CPU.ActiveCfg = Debug|Any CPU
		{EBB682E2-A5AE-4C92-A828-C307CDB70E6F}.Debug|Any CPU.Build.0 = Debug|Any CPU
		{EBB682E2-A5AE-4C92-A828-C307CDB70E6F}.Release|Any CPU.ActiveCfg = Release|Any CPU
		{EBB682E2-A5AE-4C92-A828-C307CDB70E6F}.Release|Any CPU.Build.0 = Release|Any CPU
	EndGlobalSection
	GlobalSection(SolutionProperties) = preSolution
		HideSolutionNode = FALSE
	EndGlobalSection
	GlobalSection(ExtensibilityGlobals) = postSolution
		SolutionGuid = {6CA0DC1A-562C-4F69-8B3D-E7C9822753CE}
	EndGlobalSection
	GlobalSection(Performance) = preSolution
		HasPerformanceSessions = true
	EndGlobalSection
EndGlobal
